// !$*UTF8*$!
{
	archiveVersion = 1;
	classes = {
	};
	objectVersion = 46;
	objects = {

/* Begin PBXGroup section */
		C14B9FB71DB6B14B00C954C7 = {
			isa = PBXGroup;
			children = (
			);
			sourceTree = "<group>";
		};
/* End PBXGroup section */

/* Begin PBXProject section */
		C14B9FB81DB6B14B00C954C7 /* Project object */ = {
			isa = PBXProject;
			attributes = {
				LastUpgradeCheck = 0730;
			};
			buildConfigurationList = C14B9FBB1DB6B14B00C954C7 /* Build configuration list for PBXProject "Spinny Color" */;
			compatibilityVersion = "Xcode 3.2";
			developmentRegion = English;
			hasScannedForEncodings = 0;
			knownRegions = (
				en,
			);
			mainGroup = C14B9FB71DB6B14B00C954C7;
			projectDirPath = "";
			projectRoot = "";
			targets = (
			);
		};
/* End PBXProject section */

/* Begin XCBuildConfiguration section */
		C14B9FBC1DB6B14B00C954C7 /* Debug */ = {
			isa = XCBuildConfiguration;
			buildSettings = {
			};
			name = Debug;
		};
		C14B9FBD1DB6B14B00C954C7 /* Release */ = {
			isa = XCBuildConfiguration;
			buildSettings = {
			};
			name = Release;
		};
/* End XCBuildConfiguration section */

/* Begin XCConfigurationList section */
		C14B9FBB1DB6B14B00C954C7 /* Build configuration list for PBXProject "Spinny Color" */ = {
			isa = XCConfigurationList;
			buildConfigurations = (
				C14B9FBC1DB6B14B00C954C7 /* Debug */,
				C14B9FBD1DB6B14B00C954C7 /* Release */,
			);
			defaultConfigurationIsVisible = 0;
			defaultConfigurationName = Release;
		};
/* End XCConfigurationList section */
	};
	rootObject = C14B9FB81DB6B14B00C954C7 /* Project object */;
}
